{
  "name": "websockify",
  "version": "0.8.0",
  "lockfileVersion": 1,
  "requires": true,
  "dependencies": {
    "mime": {
      "version": "2.5.0",
      "resolved": "https://registry.npmjs.org/mime/-/mime-2.5.0.tgz",
      "integrity": "sha512-ft3WayFSFUVBuJj7BMLKAQcSlItKtfjsKDDsii3rqFDAZ7t11zRe8ASw/GlmivGwVUYtwkQrxiGGpL6gFvB0ag=="
    },
    "mime-db": {
      "version": "1.45.0",
      "resolved": "https://registry.npmjs.org/mime-db/-/mime-db-1.45.0.tgz",
      "integrity": "sha512-CkqLUxUk15hofLoLyljJSrukZi8mAtgd+yE5uO4tqRZsdsAJKv0O+rFMhVDRJgozy+yG6md5KwuXhD4ocIoP+w=="
    },
    "mime-types": {
      "version": "2.1.28",
      "resolved": "https://registry.npmjs.org/mime-types/-/mime-types-2.1.28.tgz",
      "integrity": "sha512-0TO2yJ5YHYr7M2zzT7gDU1tbwHxEUWBCLt0lscSNpcdAfFyJOVEpRYNS7EXVcTLNj/25QO8gulHC5JtTzSE2UQ==",
      "requires": {
        "mime-db": "1.45.0"
      }
    },
    "minimist": {
      "version": "0.0.10",
      "resolved": "https://registry.npmjs.org/minimist/-/minimist-0.0.10.tgz",
      "integrity": "sha1-3j+YVD2/lggr5IrRoMfNqDYwHc8="
    },
    "node-websockify": {
      "version": "1.0.3",
      "resolved": "https://registry.npmjs.org/node-websockify/-/node-websockify-1.0.3.tgz",
      "integrity": "sha512-LSjokf3cnLH/z1MOhWq57JFXPQBrLLhcTJqzmhh7LV3uKTZd62rU3iquV4Kyk1FtvXiQFJTGiRRsxoeHHXQUyQ==",
      "requires": {
        "mime": ">=2.4.3",
        "ws": ">=0.4.27"
      }
    },
    "optimist": {
      "version": "0.6.1",
      "resolved": "https://registry.npmjs.org/optimist/-/optimist-0.6.1.tgz",
      "integrity": "sha1-2j6nRob6IaGaERwybpDrFaAZZoY=",
      "requires": {
        "minimist": "~0.0.1",
        "wordwrap": "~0.0.2"
      }
    },
    "wordwrap": {
      "version": "0.0.3",
      "resolved": "https://registry.npmjs.org/wordwrap/-/wordwrap-0.0.3.tgz",
      "integrity": "sha1-o9XabNXAvAAI03I0u68b7WMFkQc="
    },
    "ws": {
      "version": "7.4.2",
      "resolved": "https://registry.npmjs.org/ws/-/ws-7.4.2.tgz",
      "integrity": "sha512-T4tewALS3+qsrpGI/8dqNMLIVdq/g/85U98HPMa6F0m6xTbvhXU6RCQLqPH3+SlomNV/LdY6RXEbBpMH6EOJnA=="
    }
  }
}
